// !$*UTF8*$!
{
	archiveVersion = 1;
	classes = {
	};
	objectVersion = 46;
	objects = {

/* Begin PBXBuildFile section */
		49A849C61D7139C5006E30CC /* main.cpp in Sources */ = {isa = PBXBuildFile; fileRef = 49A849C51D7139C5006E30CC /* main.cpp */; };
/* End PBXBuildFile section */

/* Begin PBXCopyFilesBuildPhase section */
		49A849C01D7139C5006E30CC /* CopyFiles */ = {
			isa = PBXCopyFilesBuildPhase;
			buildActionMask = 2147483647;
			dstPath = /usr/share/man/man1/;
			dstSubfolderSpec = 0;
			files = (
			);
			runOnlyForDeploymentPostprocessing = 1;
		};
/* End PBXCopyFilesBuildPhase section */

/* Begin PBXFileReference section */
		49A849C21D7139C5006E30CC /* mini_stl */ = {isa = PBXFileReference; explicitFileType = "compiled.mach-o.executable"; includeInIndex = 0; path = mini_stl; sourceTree = BUILT_PRODUCTS_DIR; };
		49A849C51D7139C5006E30CC /* main.cpp */ = {isa = PBXFileReference; lastKnownFileType = sourcecode.cpp.cpp; path = main.cpp; sourceTree = "<group>"; };
		49A849CD1D71732D006E30CC /* alloc_psd.h */ = {isa = PBXFileReference; lastKnownFileType = sourcecode.c.h; path = alloc_psd.h; sourceTree = "<group>"; };
		49A9923E1D72E9E400B7BBC2 /* allocator_psd.h */ = {isa = PBXFileReference; lastKnownFileType = sourcecode.c.h; path = allocator_psd.h; sourceTree = "<group>"; };
		49A9923F1D72FDC400B7BBC2 /* construct_psd.h */ = {isa = PBXFileReference; lastKnownFileType = sourcecode.c.h; path = construct_psd.h; sourceTree = "<group>"; };
		49A992401D730BAD00B7BBC2 /* type_traits_psd.h */ = {isa = PBXFileReference; lastKnownFileType = sourcecode.c.h; path = type_traits_psd.h; sourceTree = "<group>"; };
		49A992411D730D9B00B7BBC2 /* iterator_traits_psd.h */ = {isa = PBXFileReference; lastKnownFileType = sourcecode.c.h; path = iterator_traits_psd.h; sourceTree = "<group>"; };
		49E6D08E1D76575000694865 /* vector_psd.h */ = {isa = PBXFileReference; lastKnownFileType = sourcecode.c.h; path = vector_psd.h; sourceTree = "<group>"; };
		49E6D08F1D765F4F00694865 /* uninitialized_psd.h */ = {isa = PBXFileReference; lastKnownFileType = sourcecode.c.h; path = uninitialized_psd.h; sourceTree = "<group>"; };
		49E6D0901D76D6C600694865 /* algorithm_psd.h */ = {isa = PBXFileReference; lastKnownFileType = sourcecode.c.h; path = algorithm_psd.h; sourceTree = "<group>"; };
		49F469851D7557DB004461C0 /* reverse_iterator_psd.h */ = {isa = PBXFileReference; lastKnownFileType = sourcecode.c.h; path = reverse_iterator_psd.h; sourceTree = "<group>"; };
		49FD3B9C1D7276AA00BF9916 /* alloc_default_psd.h */ = {isa = PBXFileReference; lastKnownFileType = sourcecode.c.h; path = alloc_default_psd.h; sourceTree = "<group>"; };
/* End PBXFileReference section */

/* Begin PBXFrameworksBuildPhase section */
		49A849BF1D7139C5006E30CC /* Frameworks */ = {
			isa = PBXFrameworksBuildPhase;
			buildActionMask = 2147483647;
			files = (
			);
			runOnlyForDeploymentPostprocessing = 0;
		};
/* End PBXFrameworksBuildPhase section */

/* Begin PBXGroup section */
		49A849B91D7139C5006E30CC = {
			isa = PBXGroup;
			children = (
				49A849C41D7139C5006E30CC /* mini_stl */,
				49A849C31D7139C5006E30CC /* Products */,
			);
			sourceTree = "<group>";
		};
		49A849C31D7139C5006E30CC /* Products */ = {
			isa = PBXGroup;
			children = (
				49A849C21D7139C5006E30CC /* mini_stl */,
			);
			name = Products;
			sourceTree = "<group>";
		};
		49A849C41D7139C5006E30CC /* mini_stl */ = {
			isa = PBXGroup;
			children = (
				49A849C51D7139C5006E30CC /* main.cpp */,
				49A849CD1D71732D006E30CC /* alloc_psd.h */,
				49FD3B9C1D7276AA00BF9916 /* alloc_default_psd.h */,
				49A9923E1D72E9E400B7BBC2 /* allocator_psd.h */,
				49A9923F1D72FDC400B7BBC2 /* construct_psd.h */,
				49A992401D730BAD00B7BBC2 /* type_traits_psd.h */,
				49A992411D730D9B00B7BBC2 /* iterator_traits_psd.h */,
				49F469851D7557DB004461C0 /* reverse_iterator_psd.h */,
				49E6D08E1D76575000694865 /* vector_psd.h */,
				49E6D08F1D765F4F00694865 /* uninitialized_psd.h */,
				49E6D0901D76D6C600694865 /* algorithm_psd.h */,
			);
			path = mini_stl;
			sourceTree = "<group>";
		};
/* End PBXGroup section */

/* Begin PBXNativeTarget section */
		49A849C11D7139C5006E30CC /* mini_stl */ = {
			isa = PBXNativeTarget;
			buildConfigurationList = 49A849C91D7139C5006E30CC /* Build configuration list for PBXNativeTarget "mini_stl" */;
			buildPhases = (
				49A849BE1D7139C5006E30CC /* Sources */,
				49A849BF1D7139C5006E30CC /* Frameworks */,
				49A849C01D7139C5006E30CC /* CopyFiles */,
			);
			buildRules = (
			);
			dependencies = (
			);
			name = mini_stl;
			productName = mini_stl;
			productReference = 49A849C21D7139C5006E30CC /* mini_stl */;
			productType = "com.apple.product-type.tool";
		};
/* End PBXNativeTarget section */

/* Begin PBXProject section */
		49A849BA1D7139C5006E30CC /* Project object */ = {
			isa = PBXProject;
			attributes = {
				LastUpgradeCheck = 0730;
				ORGANIZATIONNAME = pengsida;
				TargetAttributes = {
					49A849C11D7139C5006E30CC = {
						CreatedOnToolsVersion = 7.3.1;
					};
				};
			};
			buildConfigurationList = 49A849BD1D7139C5006E30CC /* Build configuration list for PBXProject "mini_stl" */;
			compatibilityVersion = "Xcode 3.2";
			developmentRegion = English;
			hasScannedForEncodings = 0;
			knownRegions = (
				en,
			);
			mainGroup = 49A849B91D7139C5006E30CC;
			productRefGroup = 49A849C31D7139C5006E30CC /* Products */;
			projectDirPath = "";
			projectRoot = "";
			targets = (
				49A849C11D7139C5006E30CC /* mini_stl */,
			);
		};
/* End PBXProject section */

/* Begin PBXSourcesBuildPhase section */
		49A849BE1D7139C5006E30CC /* Sources */ = {
			isa = PBXSourcesBuildPhase;
			buildActionMask = 2147483647;
			files = (
				49A849C61D7139C5006E30CC /* main.cpp in Sources */,
			);
			runOnlyForDeploymentPostprocessing = 0;
		};
/* End PBXSourcesBuildPhase section */

/* Begin XCBuildConfiguration section */
		49A849C71D7139C5006E30CC /* Debug */ = {
			isa = XCBuildConfiguration;
			buildSettings = {
				ALWAYS_SEARCH_USER_PATHS = NO;
				CLANG_ANALYZER_NONNULL = YES;
				CLANG_CXX_LANGUAGE_STANDARD = "gnu++0x";
				CLANG_CXX_LIBRARY = "libc++";
				CLANG_ENABLE_MODULES = YES;
				CLANG_ENABLE_OBJC_ARC = YES;
				CLANG_WARN_BOOL_CONVERSION = YES;
				CLANG_WARN_CONSTANT_CONVERSION = YES;
				CLANG_WARN_DIRECT_OBJC_ISA_USAGE = YES_ERROR;
				CLANG_WARN_EMPTY_BODY = YES;
				CLANG_WARN_ENUM_CONVERSION = YES;
				CLANG_WARN_INT_CONVERSION = YES;
				CLANG_WARN_OBJC_ROOT_CLASS = YES_ERROR;
				CLANG_WARN_UNREACHABLE_CODE = YES;
				CLANG_WARN__DUPLICATE_METHOD_MATCH = YES;
				CODE_SIGN_IDENTITY = "-";
				COPY_PHASE_STRIP = NO;
				DEBUG_INFORMATION_FORMAT = dwarf;
				ENABLE_STRICT_OBJC_MSGSEND = YES;
				ENABLE_TESTABILITY = YES;
				GCC_C_LANGUAGE_STANDARD = gnu99;
				GCC_DYNAMIC_NO_PIC = NO;
				GCC_NO_COMMON_BLOCKS = YES;
				GCC_OPTIMIZATION_LEVEL = 0;
				GCC_PREPROCESSOR_DEFINITIONS = (
					"DEBUG=1",
					"$(inherited)",
				);
				GCC_WARN_64_TO_32_BIT_CONVERSION = YES;
				GCC_WARN_ABOUT_RETURN_TYPE = YES_ERROR;
				GCC_WARN_UNDECLARED_SELECTOR = YES;
				GCC_WARN_UNINITIALIZED_AUTOS = YES_AGGRESSIVE;
				GCC_WARN_UNUSED_FUNCTION = YES;
				GCC_WARN_UNUSED_VARIABLE = YES;
				MACOSX_DEPLOYMENT_TARGET = 10.11;
				MTL_ENABLE_DEBUG_INFO = YES;
				ONLY_ACTIVE_ARCH = YES;
				SDKROOT = macosx;
			};
			name = Debug;
		};
		49A849C81D7139C5006E30CC /* Release */ = {
			isa = XCBuildConfiguration;
			buildSettings = {
				ALWAYS_SEARCH_USER_PATHS = NO;
				CLANG_ANALYZER_NONNULL = YES;
				CLANG_CXX_LANGUAGE_STANDARD = "gnu++0x";
				CLANG_CXX_LIBRARY = "libc++";
				CLANG_ENABLE_MODULES = YES;
				CLANG_ENABLE_OBJC_ARC = YES;
				CLANG_WARN_BOOL_CONVERSION = YES;
				CLANG_WARN_CONSTANT_CONVERSION = YES;
				CLANG_WARN_DIRECT_OBJC_ISA_USAGE = YES_ERROR;
				CLANG_WARN_EMPTY_BODY = YES;
				CLANG_WARN_ENUM_CONVERSION = YES;
				CLANG_WARN_INT_CONVERSION = YES;
				CLANG_WARN_OBJC_ROOT_CLASS = YES_ERROR;
				CLANG_WARN_UNREACHABLE_CODE = YES;
				CLANG_WARN__DUPLICATE_METHOD_MATCH = YES;
				CODE_SIGN_IDENTITY = "-";
				COPY_PHASE_STRIP = NO;
				DEBUG_INFORMATION_FORMAT = "dwarf-with-dsym";
				ENABLE_NS_ASSERTIONS = NO;
				ENABLE_STRICT_OBJC_MSGSEND = YES;
				GCC_C_LANGUAGE_STANDARD = gnu99;
				GCC_NO_COMMON_BLOCKS = YES;
				GCC_WARN_64_TO_32_BIT_CONVERSION = YES;
				GCC_WARN_ABOUT_RETURN_TYPE = YES_ERROR;
				GCC_WARN_UNDECLARED_SELECTOR = YES;
				GCC_WARN_UNINITIALIZED_AUTOS = YES_AGGRESSIVE;
				GCC_WARN_UNUSED_FUNCTION = YES;
				GCC_WARN_UNUSED_VARIABLE = YES;
				MACOSX_DEPLOYMENT_TARGET = 10.11;
				MTL_ENABLE_DEBUG_INFO = NO;
				SDKROOT = macosx;
			};
			name = Release;
		};
		49A849CA1D7139C5006E30CC /* Debug */ = {
			isa = XCBuildConfiguration;
			buildSettings = {
				PRODUCT_NAME = "$(TARGET_NAME)";
			};
			name = Debug;
		};
		49A849CB1D7139C5006E30CC /* Release */ = {
			isa = XCBuildConfiguration;
			buildSettings = {
				PRODUCT_NAME = "$(TARGET_NAME)";
			};
			name = Release;
		};
/* End XCBuildConfiguration section */

/* Begin XCConfigurationList section */
		49A849BD1D7139C5006E30CC /* Build configuration list for PBXProject "mini_stl" */ = {
			isa = XCConfigurationList;
			buildConfigurations = (
				49A849C71D7139C5006E30CC /* Debug */,
				49A849C81D7139C5006E30CC /* Release */,
			);
			defaultConfigurationIsVisible = 0;
			defaultConfigurationName = Release;
		};
		49A849C91D7139C5006E30CC /* Build configuration list for PBXNativeTarget "mini_stl" */ = {
			isa = XCConfigurationList;
			buildConfigurations = (
				49A849CA1D7139C5006E30CC /* Debug */,
				49A849CB1D7139C5006E30CC /* Release */,
			);
			defaultConfigurationIsVisible = 0;
			defaultConfigurationName = Release;
		};
/* End XCConfigurationList section */
	};
	rootObject = 49A849BA1D7139C5006E30CC /* Project object */;
}
